
Microsoft Visual Studio Solution File, Format Version 12.00
# Visual Studio 15
VisualStudioVersion = 15.0.28307.539
MinimumVisualStudioVersion = 10.0.40219.1
Project("{8BC9CEB8-8B4A-11D0-8D11-00A0C91BC942}") = "归并排序", "归并排序\归并排序.vcxproj", "{80ED9885-033C-4478-A72E-02ACC5E9C359}"
EndProject
Global
	GlobalSection(SolutionConfigurationPlatforms) = preSolution
		Debug|x64 = Debug|x64
		Debug|x86 = Debug|x86
		Release|x64 = Release|x64
		Release|x86 = Release|x86
	EndGlobalSection
	GlobalSection(ProjectConfigurationPlatforms) = postSolution
		{80ED9885-033C-4478-A72E-02ACC5E9C359}.Debug|x64.ActiveCfg = Debug|x64
		{80ED9885-033C-4478-A72E-02ACC5E9C359}.Debug|x64.Build.0 = Debug|x64
		{80ED9885-033C-4478-A72E-02ACC5E9C359}.Debug|x86.ActiveCfg = Debug|Win32
		{80ED9885-033C-4478-A72E-02ACC5E9C359}.Debug|x86.Build.0 = Debug|Win32
		{80ED9885-033C-4478-A72E-02ACC5E9C359}.Release|x64.ActiveCfg = Release|x64
		{80ED9885-033C-4478-A72E-02ACC5E9C359}.Release|x64.Build.0 = Release|x64
		{80ED9885-033C-4478-A72E-02ACC5E9C359}.Release|x86.ActiveCfg = Release|Win32
		{80ED9885-033C-4478-A72E-02ACC5E9C359}.Release|x86.Build.0 = Release|Win32
	EndGlobalSection
	GlobalSection(SolutionProperties) = preSolution
		HideSolutionNode = FALSE
	EndGlobalSection
	GlobalSection(ExtensibilityGlobals) = postSolution
		SolutionGuid = {3A192EF9-9256-4997-A3F8-DE3CF2F0E72E}
	EndGlobalSection
EndGlobal
