
Microsoft Visual Studio Solution File, Format Version 12.00
# Visual Studio 15
VisualStudioVersion = 15.0.28307.539
MinimumVisualStudioVersion = 10.0.40219.1
Project("{8BC9CEB8-8B4A-11D0-8D11-00A0C91BC942}") = "任务调度", "任务调度\任务调度.vcxproj", "{E56AE15A-B1C5-4FB0-9C60-13DA6D41CD64}"
EndProject
Global
	GlobalSection(SolutionConfigurationPlatforms) = preSolution
		Debug|x64 = Debug|x64
		Debug|x86 = Debug|x86
		Release|x64 = Release|x64
		Release|x86 = Release|x86
	EndGlobalSection
	GlobalSection(ProjectConfigurationPlatforms) = postSolution
		{E56AE15A-B1C5-4FB0-9C60-13DA6D41CD64}.Debug|x64.ActiveCfg = Debug|x64
		{E56AE15A-B1C5-4FB0-9C60-13DA6D41CD64}.Debug|x64.Build.0 = Debug|x64
		{E56AE15A-B1C5-4FB0-9C60-13DA6D41CD64}.Debug|x86.ActiveCfg = Debug|Win32
		{E56AE15A-B1C5-4FB0-9C60-13DA6D41CD64}.Debug|x86.Build.0 = Debug|Win32
		{E56AE15A-B1C5-4FB0-9C60-13DA6D41CD64}.Release|x64.ActiveCfg = Release|x64
		{E56AE15A-B1C5-4FB0-9C60-13DA6D41CD64}.Release|x64.Build.0 = Release|x64
		{E56AE15A-B1C5-4FB0-9C60-13DA6D41CD64}.Release|x86.ActiveCfg = Release|Win32
		{E56AE15A-B1C5-4FB0-9C60-13DA6D41CD64}.Release|x86.Build.0 = Release|Win32
	EndGlobalSection
	GlobalSection(SolutionProperties) = preSolution
		HideSolutionNode = FALSE
	EndGlobalSection
	GlobalSection(ExtensibilityGlobals) = postSolution
		SolutionGuid = {39518DF3-DB79-49AA-9B39-0C67ADAFF48A}
	EndGlobalSection
EndGlobal
