
Microsoft Visual Studio Solution File, Format Version 12.00
# Visual Studio 15
VisualStudioVersion = 15.0.28307.539
MinimumVisualStudioVersion = 10.0.40219.1
Project("{8BC9CEB8-8B4A-11D0-8D11-00A0C91BC942}") = "图及其应用", "图及其应用\图及其应用.vcxproj", "{5DD97249-3FFE-467A-BADE-92CBA86EAD4E}"
EndProject
Global
	GlobalSection(SolutionConfigurationPlatforms) = preSolution
		Debug|x64 = Debug|x64
		Debug|x86 = Debug|x86
		Release|x64 = Release|x64
		Release|x86 = Release|x86
	EndGlobalSection
	GlobalSection(ProjectConfigurationPlatforms) = postSolution
		{5DD97249-3FFE-467A-BADE-92CBA86EAD4E}.Debug|x64.ActiveCfg = Debug|x64
		{5DD97249-3FFE-467A-BADE-92CBA86EAD4E}.Debug|x64.Build.0 = Debug|x64
		{5DD97249-3FFE-467A-BADE-92CBA86EAD4E}.Debug|x86.ActiveCfg = Debug|Win32
		{5DD97249-3FFE-467A-BADE-92CBA86EAD4E}.Debug|x86.Build.0 = Debug|Win32
		{5DD97249-3FFE-467A-BADE-92CBA86EAD4E}.Release|x64.ActiveCfg = Release|x64
		{5DD97249-3FFE-467A-BADE-92CBA86EAD4E}.Release|x64.Build.0 = Release|x64
		{5DD97249-3FFE-467A-BADE-92CBA86EAD4E}.Release|x86.ActiveCfg = Release|Win32
		{5DD97249-3FFE-467A-BADE-92CBA86EAD4E}.Release|x86.Build.0 = Release|Win32
	EndGlobalSection
	GlobalSection(SolutionProperties) = preSolution
		HideSolutionNode = FALSE
	EndGlobalSection
	GlobalSection(ExtensibilityGlobals) = postSolution
		SolutionGuid = {A27FC4F3-B359-49BF-969A-8001A9049A54}
	EndGlobalSection
EndGlobal
