
Microsoft Visual Studio Solution File, Format Version 12.00
# Visual Studio 15
VisualStudioVersion = 15.0.28307.539
MinimumVisualStudioVersion = 10.0.40219.1
Project("{8BC9CEB8-8B4A-11D0-8D11-00A0C91BC942}") = "晾衣服", "晾衣服\晾衣服.vcxproj", "{ACCEE0CB-357B-48FB-9950-F1D86B93E693}"
EndProject
Project("{8BC9CEB8-8B4A-11D0-8D11-00A0C91BC942}") = "数据缓存", "..\数据缓存\数据缓存\数据缓存.vcxproj", "{41AA8E6D-11CA-4F1C-A565-BBFE031E11C5}"
EndProject
Global
	GlobalSection(SolutionConfigurationPlatforms) = preSolution
		Debug|x64 = Debug|x64
		Debug|x86 = Debug|x86
		Release|x64 = Release|x64
		Release|x86 = Release|x86
	EndGlobalSection
	GlobalSection(ProjectConfigurationPlatforms) = postSolution
		{ACCEE0CB-357B-48FB-9950-F1D86B93E693}.Debug|x64.ActiveCfg = Debug|x64
		{ACCEE0CB-357B-48FB-9950-F1D86B93E693}.Debug|x64.Build.0 = Debug|x64
		{ACCEE0CB-357B-48FB-9950-F1D86B93E693}.Debug|x86.ActiveCfg = Debug|Win32
		{ACCEE0CB-357B-48FB-9950-F1D86B93E693}.Debug|x86.Build.0 = Debug|Win32
		{ACCEE0CB-357B-48FB-9950-F1D86B93E693}.Release|x64.ActiveCfg = Release|x64
		{ACCEE0CB-357B-48FB-9950-F1D86B93E693}.Release|x64.Build.0 = Release|x64
		{ACCEE0CB-357B-48FB-9950-F1D86B93E693}.Release|x86.ActiveCfg = Release|Win32
		{ACCEE0CB-357B-48FB-9950-F1D86B93E693}.Release|x86.Build.0 = Release|Win32
		{41AA8E6D-11CA-4F1C-A565-BBFE031E11C5}.Debug|x64.ActiveCfg = Debug|x64
		{41AA8E6D-11CA-4F1C-A565-BBFE031E11C5}.Debug|x64.Build.0 = Debug|x64
		{41AA8E6D-11CA-4F1C-A565-BBFE031E11C5}.Debug|x86.ActiveCfg = Debug|Win32
		{41AA8E6D-11CA-4F1C-A565-BBFE031E11C5}.Debug|x86.Build.0 = Debug|Win32
		{41AA8E6D-11CA-4F1C-A565-BBFE031E11C5}.Release|x64.ActiveCfg = Release|x64
		{41AA8E6D-11CA-4F1C-A565-BBFE031E11C5}.Release|x64.Build.0 = Release|x64
		{41AA8E6D-11CA-4F1C-A565-BBFE031E11C5}.Release|x86.ActiveCfg = Release|Win32
		{41AA8E6D-11CA-4F1C-A565-BBFE031E11C5}.Release|x86.Build.0 = Release|Win32
	EndGlobalSection
	GlobalSection(SolutionProperties) = preSolution
		HideSolutionNode = FALSE
	EndGlobalSection
	GlobalSection(ExtensibilityGlobals) = postSolution
		SolutionGuid = {CD24E382-1D53-4E57-A971-64883CE05178}
	EndGlobalSection
EndGlobal
