
Microsoft Visual Studio Solution File, Format Version 12.00
# Visual Studio 15
VisualStudioVersion = 15.0.28307.539
MinimumVisualStudioVersion = 10.0.40219.1
Project("{8BC9CEB8-8B4A-11D0-8D11-00A0C91BC942}") = "OJcomp", "OJcomp\OJcomp.vcxproj", "{5422A024-9BB9-4B85-88A9-8076C18F3E56}"
EndProject
Global
	GlobalSection(SolutionConfigurationPlatforms) = preSolution
		Debug|x64 = Debug|x64
		Debug|x86 = Debug|x86
		Release|x64 = Release|x64
		Release|x86 = Release|x86
	EndGlobalSection
	GlobalSection(ProjectConfigurationPlatforms) = postSolution
		{5422A024-9BB9-4B85-88A9-8076C18F3E56}.Debug|x64.ActiveCfg = Debug|x64
		{5422A024-9BB9-4B85-88A9-8076C18F3E56}.Debug|x64.Build.0 = Debug|x64
		{5422A024-9BB9-4B85-88A9-8076C18F3E56}.Debug|x86.ActiveCfg = Debug|Win32
		{5422A024-9BB9-4B85-88A9-8076C18F3E56}.Debug|x86.Build.0 = Debug|Win32
		{5422A024-9BB9-4B85-88A9-8076C18F3E56}.Release|x64.ActiveCfg = Release|x64
		{5422A024-9BB9-4B85-88A9-8076C18F3E56}.Release|x64.Build.0 = Release|x64
		{5422A024-9BB9-4B85-88A9-8076C18F3E56}.Release|x86.ActiveCfg = Release|Win32
		{5422A024-9BB9-4B85-88A9-8076C18F3E56}.Release|x86.Build.0 = Release|Win32
	EndGlobalSection
	GlobalSection(SolutionProperties) = preSolution
		HideSolutionNode = FALSE
	EndGlobalSection
	GlobalSection(ExtensibilityGlobals) = postSolution
		SolutionGuid = {F8B9D245-FFDB-42AB-ABDF-4A48DA053470}
	EndGlobalSection
EndGlobal
